
Microsoft Visual Studio Solution File, Format Version 12.00
# Visual Studio 15
VisualStudioVersion = 15.0.28307.438
MinimumVisualStudioVersion = 10.0.40219.1
Project("{FAE04EC0-301F-11D3-BF4B-00C04F79EFBC}") = "WeepApplication", "WeepApplication\WeepApplication.csproj", "{63BDC496-CA2A-447E-9EC6-D334AB25ABDD}"
EndProject
Global
	GlobalSection(SolutionConfigurationPlatforms) = preSolution
		Debug|Any CPU = Debug|Any CPU
		Release|Any CPU = Release|Any CPU
	EndGlobalSection
	GlobalSection(ProjectConfigurationPlatforms) = postSolution
		{63BDC496-CA2A-447E-9EC6-D334AB25ABDD}.Debug|Any CPU.ActiveCfg = Debug|Any CPU
		{63BDC496-CA2A-447E-9EC6-D334AB25ABDD}.Debug|Any CPU.Build.0 = Debug|Any CPU
		{63BDC496-CA2A-447E-9EC6-D334AB25ABDD}.Release|Any CPU.ActiveCfg = Release|Any CPU
		{63BDC496-CA2A-447E-9EC6-D334AB25ABDD}.Release|Any CPU.Build.0 = Release|Any CPU
	EndGlobalSection
	GlobalSection(SolutionProperties) = preSolution
		HideSolutionNode = FALSE
	EndGlobalSection
	GlobalSection(ExtensibilityGlobals) = postSolution
		SolutionGuid = {7C84E26E-6B16-4ACA-BCDE-53FF3132B637}
	EndGlobalSection
EndGlobal
